
Microsoft Visual Studio Solution File, Format Version 12.00
# Visual Studio Version 17
VisualStudioVersion = 17.3.32922.545
MinimumVisualStudioVersion = 10.0.40219.1
Project("{9A19103F-16F7-4668-BE54-9A1E7A4F7556}") = "Project.API", "Project.API.csproj", "{FF423F7E-8D96-496D-8AC8-21724ABEA80C}"
EndProject
Project("{FAE04EC0-301F-11D3-BF4B-00C04F79EFBC}") = "Project.Data", "..\Project.Data\Project.Data.csproj", "{0F7BE3EC-B147-421A-B668-35B1DB8BE5C0}"
EndProject
Project("{FAE04EC0-301F-11D3-BF4B-00C04F79EFBC}") = "Project.Services.Business", "..\Project.Services.Business\Project.Services.Business.csproj", "{979A52B7-5950-4C7A-83BB-F0DA63D9F147}"
EndProject
Project("{FAE04EC0-301F-11D3-BF4B-00C04F79EFBC}") = "Project.Services.Contracts", "..\Project.Services.Contracts\Project.Services.Contracts.csproj", "{E4191EBE-DE32-4703-BC5A-4A8DF6FCAEB7}"
EndProject
Global
	GlobalSection(SolutionConfigurationPlatforms) = preSolution
		Debug|Any CPU = Debug|Any CPU
		Release|Any CPU = Release|Any CPU
	EndGlobalSection
	GlobalSection(ProjectConfigurationPlatforms) = postSolution
		{FF423F7E-8D96-496D-8AC8-21724ABEA80C}.Debug|Any CPU.ActiveCfg = Debug|Any CPU
		{FF423F7E-8D96-496D-8AC8-21724ABEA80C}.Debug|Any CPU.Build.0 = Debug|Any CPU
		{FF423F7E-8D96-496D-8AC8-21724ABEA80C}.Release|Any CPU.ActiveCfg = Release|Any CPU
		{FF423F7E-8D96-496D-8AC8-21724ABEA80C}.Release|Any CPU.Build.0 = Release|Any CPU
		{0F7BE3EC-B147-421A-B668-35B1DB8BE5C0}.Debug|Any CPU.ActiveCfg = Debug|Any CPU
		{0F7BE3EC-B147-421A-B668-35B1DB8BE5C0}.Debug|Any CPU.Build.0 = Debug|Any CPU
		{0F7BE3EC-B147-421A-B668-35B1DB8BE5C0}.Release|Any CPU.ActiveCfg = Release|Any CPU
		{0F7BE3EC-B147-421A-B668-35B1DB8BE5C0}.Release|Any CPU.Build.0 = Release|Any CPU
		{979A52B7-5950-4C7A-83BB-F0DA63D9F147}.Debug|Any CPU.ActiveCfg = Debug|Any CPU
		{979A52B7-5950-4C7A-83BB-F0DA63D9F147}.Debug|Any CPU.Build.0 = Debug|Any CPU
		{979A52B7-5950-4C7A-83BB-F0DA63D9F147}.Release|Any CPU.ActiveCfg = Release|Any CPU
		{979A52B7-5950-4C7A-83BB-F0DA63D9F147}.Release|Any CPU.Build.0 = Release|Any CPU
		{E4191EBE-DE32-4703-BC5A-4A8DF6FCAEB7}.Debug|Any CPU.ActiveCfg = Debug|Any CPU
		{E4191EBE-DE32-4703-BC5A-4A8DF6FCAEB7}.Debug|Any CPU.Build.0 = Debug|Any CPU
		{E4191EBE-DE32-4703-BC5A-4A8DF6FCAEB7}.Release|Any CPU.ActiveCfg = Release|Any CPU
		{E4191EBE-DE32-4703-BC5A-4A8DF6FCAEB7}.Release|Any CPU.Build.0 = Release|Any CPU
	EndGlobalSection
	GlobalSection(SolutionProperties) = preSolution
		HideSolutionNode = FALSE
	EndGlobalSection
	GlobalSection(ExtensibilityGlobals) = postSolution
		SolutionGuid = {88BC700D-A739-43E0-8E76-DA610359FCF8}
	EndGlobalSection
EndGlobal
